
Microsoft Visual Studio Solution File, Format Version 11.00
# Visual Studio 2010
Project("{FAE04EC0-301F-11D3-BF4B-00C04F79EFBC}") = "Xamarin.Social", "Xamarin.Social\Xamarin.Social.csproj", "{2CAFD7AE-C52F-4F01-9E25-58656DD8476D}"
EndProject
Project("{FAE04EC0-301F-11D3-BF4B-00C04F79EFBC}") = "Xamarin.Social.Android", "Xamarin.Social.Android\Xamarin.Social.Android.csproj", "{BA8CBA8B-7F55-4167-B872-0BBF09F08B8C}"
EndProject
Project("{FAE04EC0-301F-11D3-BF4B-00C04F79EFBC}") = "Xamarin.Social.iOS", "Xamarin.Social.iOS\Xamarin.Social.iOS.csproj", "{C91EF8FC-37E3-4952-A8A3-BA3A4422B0C5}"
EndProject
Project("{2150E333-8FDC-42A3-9474-1A3956D46DE8}") = "Solution Items", "Solution Items", "{00795B5D-4D2C-4792-84D6-510141000CD9}"
	ProjectSection(SolutionItems) = preProject
		Details.md = Details.md
		GettingStarted.md = GettingStarted.md
		..\License.md = ..\License.md
		README.md = README.md
	EndProjectSection
EndProject
Project("{FAE04EC0-301F-11D3-BF4B-00C04F79EFBC}") = "Xamarin.Auth", "..\Xamarin.Auth\src\Xamarin.Auth\Xamarin.Auth.csproj", "{C9FF1919-78DD-4084-976D-BDABC0A7E80B}"
EndProject
Project("{FAE04EC0-301F-11D3-BF4B-00C04F79EFBC}") = "Xamarin.Auth.Android", "..\Xamarin.Auth\src\Xamarin.Auth.Android\Xamarin.Auth.Android.csproj", "{FCF02C8C-6DD3-4C59-A8A2-58BC01A4BB21}"
EndProject
Project("{FAE04EC0-301F-11D3-BF4B-00C04F79EFBC}") = "Xamarin.Auth.iOS", "..\Xamarin.Auth\src\Xamarin.Auth.iOS\Xamarin.Auth.iOS.csproj", "{9309BCCC-AA7B-4195-A130-D4572FA9488D}"
EndProject
Project("{2150E333-8FDC-42A3-9474-1A3956D46DE8}") = "Android", "Android", "{280D7EB6-A56E-4E43-8C03-65D0565A7EDA}"
EndProject
Project("{2150E333-8FDC-42A3-9474-1A3956D46DE8}") = "iOS", "iOS", "{6568F577-13F1-4E07-B934-9983BA15D23C}"
EndProject
Project("{FAE04EC0-301F-11D3-BF4B-00C04F79EFBC}") = "Xamarin.Social.Sample.Android", "..\samples\Xamarin.Social.Sample.Android\Xamarin.Social.Sample.Android.csproj", "{02315614-C71C-4877-917C-6DB21FD9CC95}"
EndProject
Project("{FAE04EC0-301F-11D3-BF4B-00C04F79EFBC}") = "Xamarin.Social.Sample.iOS", "..\samples\Xamarin.Social.Sample.iOS\Xamarin.Social.Sample.iOS.csproj", "{E8DFC6B6-80B5-46C2-BB2C-3D6CC0BF291F}"
EndProject
Global
	GlobalSection(SolutionConfigurationPlatforms) = preSolution
		Debug|Any CPU = Debug|Any CPU
		Debug|iPhone = Debug|iPhone
		Release|Any CPU = Release|Any CPU
		Release|iPhone = Release|iPhone
	EndGlobalSection
	GlobalSection(ProjectConfigurationPlatforms) = postSolution
		{2CAFD7AE-C52F-4F01-9E25-58656DD8476D}.Debug|Any CPU.ActiveCfg = Debug|Any CPU
		{2CAFD7AE-C52F-4F01-9E25-58656DD8476D}.Debug|Any CPU.Build.0 = Debug|Any CPU
		{2CAFD7AE-C52F-4F01-9E25-58656DD8476D}.Debug|iPhone.ActiveCfg = Debug|Any CPU
		{2CAFD7AE-C52F-4F01-9E25-58656DD8476D}.Release|Any CPU.ActiveCfg = Release|Any CPU
		{2CAFD7AE-C52F-4F01-9E25-58656DD8476D}.Release|Any CPU.Build.0 = Release|Any CPU
		{2CAFD7AE-C52F-4F01-9E25-58656DD8476D}.Release|iPhone.ActiveCfg = Release|Any CPU
		{BA8CBA8B-7F55-4167-B872-0BBF09F08B8C}.Debug|Any CPU.ActiveCfg = Debug|Any CPU
		{BA8CBA8B-7F55-4167-B872-0BBF09F08B8C}.Debug|Any CPU.Build.0 = Debug|Any CPU
		{BA8CBA8B-7F55-4167-B872-0BBF09F08B8C}.Debug|iPhone.ActiveCfg = Debug|Any CPU
		{BA8CBA8B-7F55-4167-B872-0BBF09F08B8C}.Release|Any CPU.ActiveCfg = Release|Any CPU
		{BA8CBA8B-7F55-4167-B872-0BBF09F08B8C}.Release|Any CPU.Build.0 = Release|Any CPU
		{BA8CBA8B-7F55-4167-B872-0BBF09F08B8C}.Release|iPhone.ActiveCfg = Release|Any CPU
		{C91EF8FC-37E3-4952-A8A3-BA3A4422B0C5}.Debug|Any CPU.ActiveCfg = Debug|Any CPU
		{C91EF8FC-37E3-4952-A8A3-BA3A4422B0C5}.Debug|Any CPU.Build.0 = Debug|Any CPU
		{C91EF8FC-37E3-4952-A8A3-BA3A4422B0C5}.Debug|iPhone.ActiveCfg = Debug|Any CPU
		{C91EF8FC-37E3-4952-A8A3-BA3A4422B0C5}.Debug|iPhone.Build.0 = Debug|Any CPU
		{C91EF8FC-37E3-4952-A8A3-BA3A4422B0C5}.Release|Any CPU.ActiveCfg = Release|Any CPU
		{C91EF8FC-37E3-4952-A8A3-BA3A4422B0C5}.Release|Any CPU.Build.0 = Release|Any CPU
		{C91EF8FC-37E3-4952-A8A3-BA3A4422B0C5}.Release|iPhone.ActiveCfg = Release|Any CPU
		{C91EF8FC-37E3-4952-A8A3-BA3A4422B0C5}.Release|iPhone.Build.0 = Release|Any CPU
		{C9FF1919-78DD-4084-976D-BDABC0A7E80B}.Debug|Any CPU.ActiveCfg = Debug|Any CPU
		{C9FF1919-78DD-4084-976D-BDABC0A7E80B}.Debug|Any CPU.Build.0 = Debug|Any CPU
		{C9FF1919-78DD-4084-976D-BDABC0A7E80B}.Debug|iPhone.ActiveCfg = Debug|Any CPU
		{C9FF1919-78DD-4084-976D-BDABC0A7E80B}.Release|Any CPU.ActiveCfg = Release|Any CPU
		{C9FF1919-78DD-4084-976D-BDABC0A7E80B}.Release|Any CPU.Build.0 = Release|Any CPU
		{C9FF1919-78DD-4084-976D-BDABC0A7E80B}.Release|iPhone.ActiveCfg = Release|Any CPU
		{FCF02C8C-6DD3-4C59-A8A2-58BC01A4BB21}.Debug|Any CPU.ActiveCfg = Debug|Any CPU
		{FCF02C8C-6DD3-4C59-A8A2-58BC01A4BB21}.Debug|Any CPU.Build.0 = Debug|Any CPU
		{FCF02C8C-6DD3-4C59-A8A2-58BC01A4BB21}.Debug|iPhone.ActiveCfg = Debug|Any CPU
		{FCF02C8C-6DD3-4C59-A8A2-58BC01A4BB21}.Release|Any CPU.ActiveCfg = Release|Any CPU
		{FCF02C8C-6DD3-4C59-A8A2-58BC01A4BB21}.Release|Any CPU.Build.0 = Release|Any CPU
		{FCF02C8C-6DD3-4C59-A8A2-58BC01A4BB21}.Release|iPhone.ActiveCfg = Release|Any CPU
		{9309BCCC-AA7B-4195-A130-D4572FA9488D}.Debug|Any CPU.ActiveCfg = Debug|Any CPU
		{9309BCCC-AA7B-4195-A130-D4572FA9488D}.Debug|Any CPU.Build.0 = Debug|Any CPU
		{9309BCCC-AA7B-4195-A130-D4572FA9488D}.Debug|iPhone.ActiveCfg = Debug|Any CPU
		{9309BCCC-AA7B-4195-A130-D4572FA9488D}.Debug|iPhone.Build.0 = Debug|Any CPU
		{9309BCCC-AA7B-4195-A130-D4572FA9488D}.Release|Any CPU.ActiveCfg = Release|Any CPU
		{9309BCCC-AA7B-4195-A130-D4572FA9488D}.Release|Any CPU.Build.0 = Release|Any CPU
		{9309BCCC-AA7B-4195-A130-D4572FA9488D}.Release|iPhone.ActiveCfg = Release|Any CPU
		{9309BCCC-AA7B-4195-A130-D4572FA9488D}.Release|iPhone.Build.0 = Release|Any CPU
		{02315614-C71C-4877-917C-6DB21FD9CC95}.Debug|Any CPU.ActiveCfg = Debug|Any CPU
		{02315614-C71C-4877-917C-6DB21FD9CC95}.Debug|Any CPU.Build.0 = Debug|Any CPU
		{02315614-C71C-4877-917C-6DB21FD9CC95}.Debug|Any CPU.Deploy.0 = Debug|Any CPU
		{02315614-C71C-4877-917C-6DB21FD9CC95}.Debug|iPhone.ActiveCfg = Debug|Any CPU
		{02315614-C71C-4877-917C-6DB21FD9CC95}.Release|Any CPU.ActiveCfg = Release|Any CPU
		{02315614-C71C-4877-917C-6DB21FD9CC95}.Release|Any CPU.Build.0 = Release|Any CPU
		{02315614-C71C-4877-917C-6DB21FD9CC95}.Release|Any CPU.Deploy.0 = Release|Any CPU
		{02315614-C71C-4877-917C-6DB21FD9CC95}.Release|iPhone.ActiveCfg = Release|Any CPU
		{E8DFC6B6-80B5-46C2-BB2C-3D6CC0BF291F}.Debug|Any CPU.ActiveCfg = Debug|iPhoneSimulator
		{E8DFC6B6-80B5-46C2-BB2C-3D6CC0BF291F}.Debug|Any CPU.Build.0 = Debug|iPhoneSimulator
		{E8DFC6B6-80B5-46C2-BB2C-3D6CC0BF291F}.Debug|Any CPU.Deploy.0 = Debug|iPhoneSimulator
		{E8DFC6B6-80B5-46C2-BB2C-3D6CC0BF291F}.Debug|iPhone.ActiveCfg = Debug|iPhone
		{E8DFC6B6-80B5-46C2-BB2C-3D6CC0BF291F}.Debug|iPhone.Build.0 = Debug|iPhone
		{E8DFC6B6-80B5-46C2-BB2C-3D6CC0BF291F}.Debug|iPhone.Deploy.0 = Debug|iPhone
		{E8DFC6B6-80B5-46C2-BB2C-3D6CC0BF291F}.Release|Any CPU.ActiveCfg = Release|iPhoneSimulator
		{E8DFC6B6-80B5-46C2-BB2C-3D6CC0BF291F}.Release|Any CPU.Build.0 = Release|iPhoneSimulator
		{E8DFC6B6-80B5-46C2-BB2C-3D6CC0BF291F}.Release|Any CPU.Deploy.0 = Release|iPhoneSimulator
		{E8DFC6B6-80B5-46C2-BB2C-3D6CC0BF291F}.Release|iPhone.ActiveCfg = Release|iPhone
		{E8DFC6B6-80B5-46C2-BB2C-3D6CC0BF291F}.Release|iPhone.Build.0 = Release|iPhone
		{E8DFC6B6-80B5-46C2-BB2C-3D6CC0BF291F}.Release|iPhone.Deploy.0 = Release|iPhone
	EndGlobalSection
	GlobalSection(SolutionProperties) = preSolution
		HideSolutionNode = FALSE
	EndGlobalSection
	GlobalSection(NestedProjects) = preSolution
		{FCF02C8C-6DD3-4C59-A8A2-58BC01A4BB21} = {280D7EB6-A56E-4E43-8C03-65D0565A7EDA}
		{BA8CBA8B-7F55-4167-B872-0BBF09F08B8C} = {280D7EB6-A56E-4E43-8C03-65D0565A7EDA}
		{02315614-C71C-4877-917C-6DB21FD9CC95} = {280D7EB6-A56E-4E43-8C03-65D0565A7EDA}
		{C91EF8FC-37E3-4952-A8A3-BA3A4422B0C5} = {6568F577-13F1-4E07-B934-9983BA15D23C}
		{9309BCCC-AA7B-4195-A130-D4572FA9488D} = {6568F577-13F1-4E07-B934-9983BA15D23C}
		{E8DFC6B6-80B5-46C2-BB2C-3D6CC0BF291F} = {6568F577-13F1-4E07-B934-9983BA15D23C}
	EndGlobalSection
	GlobalSection(MonoDevelopProperties) = preSolution
		StartupItem = Xamarin.Social.iOS\Xamarin.Social.iOS.csproj
	EndGlobalSection
EndGlobal
